// !$*UTF8*$!
{
	archiveVersion = 1;
	classes = {
	};
	objectVersion = 46;
	objects = {

/* Begin PBXBuildFile section */
		AE02DDD01F8EE20700C9CB6D /* AppDelegate.swift in Sources */ = {isa = PBXBuildFile; fileRef = AE02DDCF1F8EE20700C9CB6D /* AppDelegate.swift */; };
		AE02DDD21F8EE20800C9CB6D /* ViewController.swift in Sources */ = {isa = PBXBuildFile; fileRef = AE02DDD11F8EE20800C9CB6D /* ViewController.swift */; };
		AE02DDD51F8EE20800C9CB6D /* Main.storyboard in Resources */ = {isa = PBXBuildFile; fileRef = AE02DDD31F8EE20800C9CB6D /* Main.storyboard */; };
		AE02DDD71F8EE20800C9CB6D /* Assets.xcassets in Resources */ = {isa = PBXBuildFile; fileRef = AE02DDD61F8EE20800C9CB6D /* Assets.xcassets */; };
		AE02DDDA1F8EE20800C9CB6D /* LaunchScreen.storyboard in Resources */ = {isa = PBXBuildFile; fileRef = AE02DDD81F8EE20800C9CB6D /* LaunchScreen.storyboard */; };
		AE02DDE31F8EE22600C9CB6D /* MapKit.framework in Frameworks */ = {isa = PBXBuildFile; fileRef = AE02DDE21F8EE22600C9CB6D /* MapKit.framework */; };
		AE02DDE51F8EE22C00C9CB6D /* CoreLocation.framework in Frameworks */ = {isa = PBXBuildFile; fileRef = AE02DDE41F8EE22C00C9CB6D /* CoreLocation.framework */; };
		AE02DDEB1F8EE3AE00C9CB6D /* MapViewController.swift in Sources */ = {isa = PBXBuildFile; fileRef = AE02DDEA1F8EE3AE00C9CB6D /* MapViewController.swift */; };
		AE34BC27216AF980001A638B /* loading.jpg in Resources */ = {isa = PBXBuildFile; fileRef = AE34BC26216AF980001A638B /* loading.jpg */; };
		AE34BC29216AF99B001A638B /* loading.jpg in Resources */ = {isa = PBXBuildFile; fileRef = AE34BC28216AF99B001A638B /* loading.jpg */; };
/* End PBXBuildFile section */

/* Begin PBXFileReference section */
		AE02DDCC1F8EE20700C9CB6D /* Assignment1.app */ = {isa = PBXFileReference; explicitFileType = wrapper.application; includeInIndex = 0; path = Assignment1.app; sourceTree = BUILT_PRODUCTS_DIR; };
		AE02DDCF1F8EE20700C9CB6D /* AppDelegate.swift */ = {isa = PBXFileReference; lastKnownFileType = sourcecode.swift; path = AppDelegate.swift; sourceTree = "<group>"; };
		AE02DDD11F8EE20800C9CB6D /* ViewController.swift */ = {isa = PBXFileReference; lastKnownFileType = sourcecode.swift; path = ViewController.swift; sourceTree = "<group>"; };
		AE02DDD41F8EE20800C9CB6D /* Base */ = {isa = PBXFileReference; lastKnownFileType = file.storyboard; name = Base; path = Base.lproj/Main.storyboard; sourceTree = "<group>"; };
		AE02DDD61F8EE20800C9CB6D /* Assets.xcassets */ = {isa = PBXFileReference; lastKnownFileType = folder.assetcatalog; path = Assets.xcassets; sourceTree = "<group>"; };
		AE02DDD91F8EE20800C9CB6D /* Base */ = {isa = PBXFileReference; lastKnownFileType = file.storyboard; name = Base; path = Base.lproj/LaunchScreen.storyboard; sourceTree = "<group>"; };
		AE02DDDB1F8EE20800C9CB6D /* Info.plist */ = {isa = PBXFileReference; lastKnownFileType = text.plist.xml; path = Info.plist; sourceTree = "<group>"; };
		AE02DDE21F8EE22600C9CB6D /* MapKit.framework */ = {isa = PBXFileReference; lastKnownFileType = wrapper.framework; name = MapKit.framework; path = System/Library/Frameworks/MapKit.framework; sourceTree = SDKROOT; };
		AE02DDE41F8EE22C00C9CB6D /* CoreLocation.framework */ = {isa = PBXFileReference; lastKnownFileType = wrapper.framework; name = CoreLocation.framework; path = System/Library/Frameworks/CoreLocation.framework; sourceTree = SDKROOT; };
		AE02DDEA1F8EE3AE00C9CB6D /* MapViewController.swift */ = {isa = PBXFileReference; fileEncoding = 4; lastKnownFileType = sourcecode.swift; path = MapViewController.swift; sourceTree = "<group>"; };
		AE34BC26216AF980001A638B /* loading.jpg */ = {isa = PBXFileReference; lastKnownFileType = image.jpeg; name = loading.jpg; path = ../../../Desktop/loading.jpg; sourceTree = "<group>"; };
		AE34BC28216AF99B001A638B /* loading.jpg */ = {isa = PBXFileReference; lastKnownFileType = image.jpeg; name = loading.jpg; path = ../../../Desktop/loading.jpg; sourceTree = "<group>"; };
/* End PBXFileReference section */

/* Begin PBXFrameworksBuildPhase section */
		AE02DDC91F8EE20700C9CB6D /* Frameworks */ = {
			isa = PBXFrameworksBuildPhase;
			buildActionMask = 2147483647;
			files = (
				AE02DDE51F8EE22C00C9CB6D /* CoreLocation.framework in Frameworks */,
				AE02DDE31F8EE22600C9CB6D /* MapKit.framework in Frameworks */,
			);
			runOnlyForDeploymentPostprocessing = 0;
		};
/* End PBXFrameworksBuildPhase section */

/* Begin PBXGroup section */
		AE02DDC31F8EE20700C9CB6D = {
			isa = PBXGroup;
			children = (
				AE02DDCE1F8EE20700C9CB6D /* Assignment1 */,
				AE02DDCD1F8EE20700C9CB6D /* Products */,
				AE02DDE11F8EE22600C9CB6D /* Frameworks */,
			);
			sourceTree = "<group>";
		};
		AE02DDCD1F8EE20700C9CB6D /* Products */ = {
			isa = PBXGroup;
			children = (
				AE02DDCC1F8EE20700C9CB6D /* Assignment1.app */,
			);
			name = Products;
			sourceTree = "<group>";
		};
		AE02DDCE1F8EE20700C9CB6D /* Assignment1 */ = {
			isa = PBXGroup;
			children = (
				AE02DDE91F8EE2A800C9CB6D /* Storyboards */,
				AE02DDE81F8EE29F00C9CB6D /* View Controller */,
				AE02DDE71F8EE29500C9CB6D /* Classes */,
				AE02DDD61F8EE20800C9CB6D /* Assets.xcassets */,
				AE02DDDB1F8EE20800C9CB6D /* Info.plist */,
				AE34BC28216AF99B001A638B /* loading.jpg */,
			);
			path = Assignment1;
			sourceTree = "<group>";
		};
		AE02DDE11F8EE22600C9CB6D /* Frameworks */ = {
			isa = PBXGroup;
			children = (
				AE02DDE41F8EE22C00C9CB6D /* CoreLocation.framework */,
				AE02DDE21F8EE22600C9CB6D /* MapKit.framework */,
			);
			name = Frameworks;
			sourceTree = "<group>";
		};
		AE02DDE71F8EE29500C9CB6D /* Classes */ = {
			isa = PBXGroup;
			children = (
				AE34BC26216AF980001A638B /* loading.jpg */,
				AE02DDCF1F8EE20700C9CB6D /* AppDelegate.swift */,
			);
			name = Classes;
			sourceTree = "<group>";
		};
		AE02DDE81F8EE29F00C9CB6D /* View Controller */ = {
			isa = PBXGroup;
			children = (
				AE02DDD11F8EE20800C9CB6D /* ViewController.swift */,
				AE02DDEA1F8EE3AE00C9CB6D /* MapViewController.swift */,
			);
			name = "View Controller";
			sourceTree = "<group>";
		};
		AE02DDE91F8EE2A800C9CB6D /* Storyboards */ = {
			isa = PBXGroup;
			children = (
				AE02DDD31F8EE20800C9CB6D /* Main.storyboard */,
				AE02DDD81F8EE20800C9CB6D /* LaunchScreen.storyboard */,
			);
			name = Storyboards;
			sourceTree = "<group>";
		};
/* End PBXGroup section */

/* Begin PBXNativeTarget section */
		AE02DDCB1F8EE20700C9CB6D /* Assignment1 */ = {
			isa = PBXNativeTarget;
			buildConfigurationList = AE02DDDE1F8EE20800C9CB6D /* Build configuration list for PBXNativeTarget "Assignment1" */;
			buildPhases = (
				AE02DDC81F8EE20700C9CB6D /* Sources */,
				AE02DDC91F8EE20700C9CB6D /* Frameworks */,
				AE02DDCA1F8EE20700C9CB6D /* Resources */,
			);
			buildRules = (
			);
			dependencies = (
			);
			name = Assignment1;
			productName = Assignment1;
			productReference = AE02DDCC1F8EE20700C9CB6D /* Assignment1.app */;
			productType = "com.apple.product-type.application";
		};
/* End PBXNativeTarget section */

/* Begin PBXProject section */
		AE02DDC41F8EE20700C9CB6D /* Project object */ = {
			isa = PBXProject;
			attributes = {
				LastSwiftUpdateCheck = 0820;
				LastUpgradeCheck = 0820;
				ORGANIZATIONNAME = "Xcode User";
				TargetAttributes = {
					AE02DDCB1F8EE20700C9CB6D = {
						CreatedOnToolsVersion = 8.2.1;
						ProvisioningStyle = Automatic;
					};
				};
			};
			buildConfigurationList = AE02DDC71F8EE20700C9CB6D /* Build configuration list for PBXProject "Assignment1" */;
			compatibilityVersion = "Xcode 3.2";
			developmentRegion = English;
			hasScannedForEncodings = 0;
			knownRegions = (
				en,
				Base,
			);
			mainGroup = AE02DDC31F8EE20700C9CB6D;
			productRefGroup = AE02DDCD1F8EE20700C9CB6D /* Products */;
			projectDirPath = "";
			projectRoot = "";
			targets = (
				AE02DDCB1F8EE20700C9CB6D /* Assignment1 */,
			);
		};
/* End PBXProject section */

/* Begin PBXResourcesBuildPhase section */
		AE02DDCA1F8EE20700C9CB6D /* Resources */ = {
			isa = PBXResourcesBuildPhase;
			buildActionMask = 2147483647;
			files = (
				AE34BC29216AF99B001A638B /* loading.jpg in Resources */,
				AE34BC27216AF980001A638B /* loading.jpg in Resources */,
				AE02DDDA1F8EE20800C9CB6D /* LaunchScreen.storyboard in Resources */,
				AE02DDD71F8EE20800C9CB6D /* Assets.xcassets in Resources */,
				AE02DDD51F8EE20800C9CB6D /* Main.storyboard in Resources */,
			);
			runOnlyForDeploymentPostprocessing = 0;
		};
/* End PBXResourcesBuildPhase section */

/* Begin PBXSourcesBuildPhase section */
		AE02DDC81F8EE20700C9CB6D /* Sources */ = {
			isa = PBXSourcesBuildPhase;
			buildActionMask = 2147483647;
			files = (
				AE02DDD21F8EE20800C9CB6D /* ViewController.swift in Sources */,
				AE02DDEB1F8EE3AE00C9CB6D /* MapViewController.swift in Sources */,
				AE02DDD01F8EE20700C9CB6D /* AppDelegate.swift in Sources */,
			);
			runOnlyForDeploymentPostprocessing = 0;
		};
/* End PBXSourcesBuildPhase section */

/* Begin PBXVariantGroup section */
		AE02DDD31F8EE20800C9CB6D /* Main.storyboard */ = {
			isa = PBXVariantGroup;
			children = (
				AE02DDD41F8EE20800C9CB6D /* Base */,
			);
			name = Main.storyboard;
			sourceTree = "<group>";
		};
		AE02DDD81F8EE20800C9CB6D /* LaunchScreen.storyboard */ = {
			isa = PBXVariantGroup;
			children = (
				AE02DDD91F8EE20800C9CB6D /* Base */,
			);
			name = LaunchScreen.storyboard;
			sourceTree = "<group>";
		};
/* End PBXVariantGroup section */

/* Begin XCBuildConfiguration section */
		AE02DDDC1F8EE20800C9CB6D /* Debug */ = {
			isa = XCBuildConfiguration;
			buildSettings = {
				ALWAYS_SEARCH_USER_PATHS = NO;
				CLANG_ANALYZER_NONNULL = YES;
				CLANG_CXX_LANGUAGE_STANDARD = "gnu++0x";
				CLANG_CXX_LIBRARY = "libc++";
				CLANG_ENABLE_MODULES = YES;
				CLANG_ENABLE_OBJC_ARC = YES;
				CLANG_WARN_BOOL_CONVERSION = YES;
				CLANG_WARN_CONSTANT_CONVERSION = YES;
				CLANG_WARN_DIRECT_OBJC_ISA_USAGE = YES_ERROR;
				CLANG_WARN_DOCUMENTATION_COMMENTS = YES;
				CLANG_WARN_EMPTY_BODY = YES;
				CLANG_WARN_ENUM_CONVERSION = YES;
				CLANG_WARN_INFINITE_RECURSION = YES;
				CLANG_WARN_INT_CONVERSION = YES;
				CLANG_WARN_OBJC_ROOT_CLASS = YES_ERROR;
				CLANG_WARN_SUSPICIOUS_MOVE = YES;
				CLANG_WARN_UNREACHABLE_CODE = YES;
				CLANG_WARN__DUPLICATE_METHOD_MATCH = YES;
				"CODE_SIGN_IDENTITY[sdk=iphoneos*]" = "iPhone Developer";
				COPY_PHASE_STRIP = NO;
				DEBUG_INFORMATION_FORMAT = dwarf;
				ENABLE_STRICT_OBJC_MSGSEND = YES;
				ENABLE_TESTABILITY = YES;
				GCC_C_LANGUAGE_STANDARD = gnu99;
				GCC_DYNAMIC_NO_PIC = NO;
				GCC_NO_COMMON_BLOCKS = YES;
				GCC_OPTIMIZATION_LEVEL = 0;
				GCC_PREPROCESSOR_DEFINITIONS = (
					"DEBUG=1",
					"$(inherited)",
				);
				GCC_WARN_64_TO_32_BIT_CONVERSION = YES;
				GCC_WARN_ABOUT_RETURN_TYPE = YES_ERROR;
				GCC_WARN_UNDECLARED_SELECTOR = YES;
				GCC_WARN_UNINITIALIZED_AUTOS = YES_AGGRESSIVE;
				GCC_WARN_UNUSED_FUNCTION = YES;
				GCC_WARN_UNUSED_VARIABLE = YES;
				IPHONEOS_DEPLOYMENT_TARGET = 10.2;
				MTL_ENABLE_DEBUG_INFO = YES;
				ONLY_ACTIVE_ARCH = YES;
				SDKROOT = iphoneos;
				SWIFT_ACTIVE_COMPILATION_CONDITIONS = DEBUG;
				SWIFT_OPTIMIZATION_LEVEL = "-Onone";
				TARGETED_DEVICE_FAMILY = "1,2";
			};
			name = Debug;
		};
		AE02DDDD1F8EE20800C9CB6D /* Release */ = {
			isa = XCBuildConfiguration;
			buildSettings = {
				ALWAYS_SEARCH_USER_PATHS = NO;
				CLANG_ANALYZER_NONNULL = YES;
				CLANG_CXX_LANGUAGE_STANDARD = "gnu++0x";
				CLANG_CXX_LIBRARY = "libc++";
				CLANG_ENABLE_MODULES = YES;
				CLANG_ENABLE_OBJC_ARC = YES;
				CLANG_WARN_BOOL_CONVERSION = YES;
				CLANG_WARN_CONSTANT_CONVERSION = YES;
				CLANG_WARN_DIRECT_OBJC_ISA_USAGE = YES_ERROR;
				CLANG_WARN_DOCUMENTATION_COMMENTS = YES;
				CLANG_WARN_EMPTY_BODY = YES;
				CLANG_WARN_ENUM_CONVERSION = YES;
				CLANG_WARN_INFINITE_RECURSION = YES;
				CLANG_WARN_INT_CONVERSION = YES;
				CLANG_WARN_OBJC_ROOT_CLASS = YES_ERROR;
				CLANG_WARN_SUSPICIOUS_MOVE = YES;
				CLANG_WARN_UNREACHABLE_CODE = YES;
				CLANG_WARN__DUPLICATE_METHOD_MATCH = YES;
				"CODE_SIGN_IDENTITY[sdk=iphoneos*]" = "iPhone Developer";
				COPY_PHASE_STRIP = NO;
				DEBUG_INFORMATION_FORMAT = "dwarf-with-dsym";
				ENABLE_NS_ASSERTIONS = NO;
				ENABLE_STRICT_OBJC_MSGSEND = YES;
				GCC_C_LANGUAGE_STANDARD = gnu99;
				GCC_NO_COMMON_BLOCKS = YES;
				GCC_WARN_64_TO_32_BIT_CONVERSION = YES;
				GCC_WARN_ABOUT_RETURN_TYPE = YES_ERROR;
				GCC_WARN_UNDECLARED_SELECTOR = YES;
				GCC_WARN_UNINITIALIZED_AUTOS = YES_AGGRESSIVE;
				GCC_WARN_UNUSED_FUNCTION = YES;
				GCC_WARN_UNUSED_VARIABLE = YES;
				IPHONEOS_DEPLOYMENT_TARGET = 10.2;
				MTL_ENABLE_DEBUG_INFO = NO;
				SDKROOT = iphoneos;
				SWIFT_OPTIMIZATION_LEVEL = "-Owholemodule";
				TARGETED_DEVICE_FAMILY = "1,2";
				VALIDATE_PRODUCT = YES;
			};
			name = Release;
		};
		AE02DDDF1F8EE20800C9CB6D /* Debug */ = {
			isa = XCBuildConfiguration;
			buildSettings = {
				ASSETCATALOG_COMPILER_APPICON_NAME = AppIcon;
				INFOPLIST_FILE = Assignment1/Info.plist;
				LD_RUNPATH_SEARCH_PATHS = "$(inherited) @executable_path/Frameworks";
				PRODUCT_BUNDLE_IDENTIFIER = example.Assignment1;
				PRODUCT_NAME = "$(TARGET_NAME)";
				SWIFT_VERSION = 3.0;
			};
			name = Debug;
		};
		AE02DDE01F8EE20800C9CB6D /* Release */ = {
			isa = XCBuildConfiguration;
			buildSettings = {
				ASSETCATALOG_COMPILER_APPICON_NAME = AppIcon;
				INFOPLIST_FILE = Assignment1/Info.plist;
				LD_RUNPATH_SEARCH_PATHS = "$(inherited) @executable_path/Frameworks";
				PRODUCT_BUNDLE_IDENTIFIER = example.Assignment1;
				PRODUCT_NAME = "$(TARGET_NAME)";
				SWIFT_VERSION = 3.0;
			};
			name = Release;
		};
/* End XCBuildConfiguration section */

/* Begin XCConfigurationList section */
		AE02DDC71F8EE20700C9CB6D /* Build configuration list for PBXProject "Assignment1" */ = {
			isa = XCConfigurationList;
			buildConfigurations = (
				AE02DDDC1F8EE20800C9CB6D /* Debug */,
				AE02DDDD1F8EE20800C9CB6D /* Release */,
			);
			defaultConfigurationIsVisible = 0;
			defaultConfigurationName = Release;
		};
		AE02DDDE1F8EE20800C9CB6D /* Build configuration list for PBXNativeTarget "Assignment1" */ = {
			isa = XCConfigurationList;
			buildConfigurations = (
				AE02DDDF1F8EE20800C9CB6D /* Debug */,
				AE02DDE01F8EE20800C9CB6D /* Release */,
			);
			defaultConfigurationIsVisible = 0;
			defaultConfigurationName = Release;
		};
/* End XCConfigurationList section */
	};
	rootObject = AE02DDC41F8EE20700C9CB6D /* Project object */;
}
